
Microsoft Visual Studio Solution File, Format Version 12.00
# Visual Studio Version 16
VisualStudioVersion = 16.0.31105.61
MinimumVisualStudioVersion = 10.0.40219.1
Project("{FAE04EC0-301F-11D3-BF4B-00C04F79EFBC}") = "Ejercicio1AnalisisGuia13", "Ejercicio1AnalisisGuia13\Ejercicio1AnalisisGuia13.csproj", "{D86300F1-34FC-48D4-9ACD-F619E528DF50}"
EndProject
Global
	GlobalSection(SolutionConfigurationPlatforms) = preSolution
		Debug|Any CPU = Debug|Any CPU
		Release|Any CPU = Release|Any CPU
	EndGlobalSection
	GlobalSection(ProjectConfigurationPlatforms) = postSolution
		{D86300F1-34FC-48D4-9ACD-F619E528DF50}.Debug|Any CPU.ActiveCfg = Debug|Any CPU
		{D86300F1-34FC-48D4-9ACD-F619E528DF50}.Debug|Any CPU.Build.0 = Debug|Any CPU
		{D86300F1-34FC-48D4-9ACD-F619E528DF50}.Release|Any CPU.ActiveCfg = Release|Any CPU
		{D86300F1-34FC-48D4-9ACD-F619E528DF50}.Release|Any CPU.Build.0 = Release|Any CPU
	EndGlobalSection
	GlobalSection(SolutionProperties) = preSolution
		HideSolutionNode = FALSE
	EndGlobalSection
	GlobalSection(ExtensibilityGlobals) = postSolution
		SolutionGuid = {0A182CB3-971F-42D7-91A9-3AB2E39C0010}
	EndGlobalSection
EndGlobal
